// !$*UTF8*$!
{
	archiveVersion = 1;
	classes = {
	};
	objectVersion = 56;
	objects = {

/* Begin PBXBuildFile section */
		79F0F0A42C6AC07C004EF72C /* AppDelegate.swift in Sources */ = {isa = PBXBuildFile; fileRef = 79F0F0A32C6AC07C004EF72C /* AppDelegate.swift */; };
		79F0F0A62C6AC07C004EF72C /* SceneDelegate.swift in Sources */ = {isa = PBXBuildFile; fileRef = 79F0F0A52C6AC07C004EF72C /* SceneDelegate.swift */; };
		79F0F0A82C6AC07C004EF72C /* ViewController.swift in Sources */ = {isa = PBXBuildFile; fileRef = 79F0F0A72C6AC07C004EF72C /* ViewController.swift */; };
		79F0F0AB2C6AC07C004EF72C /* Main.storyboard in Resources */ = {isa = PBXBuildFile; fileRef = 79F0F0A92C6AC07C004EF72C /* Main.storyboard */; };
		79F0F0AD2C6AC07E004EF72C /* Assets.xcassets in Resources */ = {isa = PBXBuildFile; fileRef = 79F0F0AC2C6AC07E004EF72C /* Assets.xcassets */; };
		79F0F0B02C6AC07E004EF72C /* LaunchScreen.storyboard in Resources */ = {isa = PBXBuildFile; fileRef = 79F0F0AE2C6AC07E004EF72C /* LaunchScreen.storyboard */; };
		79F0F0BB2C6AC07E004EF72C /* tip_calculatorTests.swift in Sources */ = {isa = PBXBuildFile; fileRef = 79F0F0BA2C6AC07E004EF72C /* tip_calculatorTests.swift */; };
		79F0F0C52C6AC07E004EF72C /* tip_calculatorUITests.swift in Sources */ = {isa = PBXBuildFile; fileRef = 79F0F0C42C6AC07E004EF72C /* tip_calculatorUITests.swift */; };
		79F0F0C72C6AC07E004EF72C /* tip_calculatorUITestsLaunchTests.swift in Sources */ = {isa = PBXBuildFile; fileRef = 79F0F0C62C6AC07E004EF72C /* tip_calculatorUITestsLaunchTests.swift */; };
/* End PBXBuildFile section */

/* Begin PBXContainerItemProxy section */
		79F0F0B72C6AC07E004EF72C /* PBXContainerItemProxy */ = {
			isa = PBXContainerItemProxy;
			containerPortal = 79F0F0982C6AC07C004EF72C /* Project object */;
			proxyType = 1;
			remoteGlobalIDString = 79F0F09F2C6AC07C004EF72C;
			remoteInfo = "tip-calculator";
		};
		79F0F0C12C6AC07E004EF72C /* PBXContainerItemProxy */ = {
			isa = PBXContainerItemProxy;
			containerPortal = 79F0F0982C6AC07C004EF72C /* Project object */;
			proxyType = 1;
			remoteGlobalIDString = 79F0F09F2C6AC07C004EF72C;
			remoteInfo = "tip-calculator";
		};
/* End PBXContainerItemProxy section */

/* Begin PBXFileReference section */
		79F0F0A02C6AC07C004EF72C /* tip-calculator.app */ = {isa = PBXFileReference; explicitFileType = wrapper.application; includeInIndex = 0; path = "tip-calculator.app"; sourceTree = BUILT_PRODUCTS_DIR; };
		79F0F0A32C6AC07C004EF72C /* AppDelegate.swift */ = {isa = PBXFileReference; lastKnownFileType = sourcecode.swift; path = AppDelegate.swift; sourceTree = "<group>"; };
		79F0F0A52C6AC07C004EF72C /* SceneDelegate.swift */ = {isa = PBXFileReference; lastKnownFileType = sourcecode.swift; path = SceneDelegate.swift; sourceTree = "<group>"; };
		79F0F0A72C6AC07C004EF72C /* ViewController.swift */ = {isa = PBXFileReference; lastKnownFileType = sourcecode.swift; path = ViewController.swift; sourceTree = "<group>"; };
		79F0F0AA2C6AC07C004EF72C /* Base */ = {isa = PBXFileReference; lastKnownFileType = file.storyboard; name = Base; path = Base.lproj/Main.storyboard; sourceTree = "<group>"; };
		79F0F0AC2C6AC07E004EF72C /* Assets.xcassets */ = {isa = PBXFileReference; lastKnownFileType = folder.assetcatalog; path = Assets.xcassets; sourceTree = "<group>"; };
		79F0F0AF2C6AC07E004EF72C /* Base */ = {isa = PBXFileReference; lastKnownFileType = file.storyboard; name = Base; path = Base.lproj/LaunchScreen.storyboard; sourceTree = "<group>"; };
		79F0F0B12C6AC07E004EF72C /* Info.plist */ = {isa = PBXFileReference; lastKnownFileType = text.plist.xml; path = Info.plist; sourceTree = "<group>"; };
		79F0F0B62C6AC07E004EF72C /* tip-calculatorTests.xctest */ = {isa = PBXFileReference; explicitFileType = wrapper.cfbundle; includeInIndex = 0; path = "tip-calculatorTests.xctest"; sourceTree = BUILT_PRODUCTS_DIR; };
		79F0F0BA2C6AC07E004EF72C /* tip_calculatorTests.swift */ = {isa = PBXFileReference; lastKnownFileType = sourcecode.swift; path = tip_calculatorTests.swift; sourceTree = "<group>"; };
		79F0F0C02C6AC07E004EF72C /* tip-calculatorUITests.xctest */ = {isa = PBXFileReference; explicitFileType = wrapper.cfbundle; includeInIndex = 0; path = "tip-calculatorUITests.xctest"; sourceTree = BUILT_PRODUCTS_DIR; };
		79F0F0C42C6AC07E004EF72C /* tip_calculatorUITests.swift */ = {isa = PBXFileReference; lastKnownFileType = sourcecode.swift; path = tip_calculatorUITests.swift; sourceTree = "<group>"; };
		79F0F0C62C6AC07E004EF72C /* tip_calculatorUITestsLaunchTests.swift */ = {isa = PBXFileReference; lastKnownFileType = sourcecode.swift; path = tip_calculatorUITestsLaunchTests.swift; sourceTree = "<group>"; };
/* End PBXFileReference section */

/* Begin PBXFrameworksBuildPhase section */
		79F0F09D2C6AC07C004EF72C /* Frameworks */ = {
			isa = PBXFrameworksBuildPhase;
			buildActionMask = 2147483647;
			files = (
			);
			runOnlyForDeploymentPostprocessing = 0;
		};
		79F0F0B32C6AC07E004EF72C /* Frameworks */ = {
			isa = PBXFrameworksBuildPhase;
			buildActionMask = 2147483647;
			files = (
			);
			runOnlyForDeploymentPostprocessing = 0;
		};
		79F0F0BD2C6AC07E004EF72C /* Frameworks */ = {
			isa = PBXFrameworksBuildPhase;
			buildActionMask = 2147483647;
			files = (
			);
			runOnlyForDeploymentPostprocessing = 0;
		};
/* End PBXFrameworksBuildPhase section */

/* Begin PBXGroup section */
		79F0F0972C6AC07C004EF72C = {
			isa = PBXGroup;
			children = (
				79F0F0A22C6AC07C004EF72C /* tip-calculator */,
				79F0F0B92C6AC07E004EF72C /* tip-calculatorTests */,
				79F0F0C32C6AC07E004EF72C /* tip-calculatorUITests */,
				79F0F0A12C6AC07C004EF72C /* Products */,
			);
			sourceTree = "<group>";
		};
		79F0F0A12C6AC07C004EF72C /* Products */ = {
			isa = PBXGroup;
			children = (
				79F0F0A02C6AC07C004EF72C /* tip-calculator.app */,
				79F0F0B62C6AC07E004EF72C /* tip-calculatorTests.xctest */,
				79F0F0C02C6AC07E004EF72C /* tip-calculatorUITests.xctest */,
			);
			name = Products;
			sourceTree = "<group>";
		};
		79F0F0A22C6AC07C004EF72C /* tip-calculator */ = {
			isa = PBXGroup;
			children = (
				79F0F0A32C6AC07C004EF72C /* AppDelegate.swift */,
				79F0F0A52C6AC07C004EF72C /* SceneDelegate.swift */,
				79F0F0A72C6AC07C004EF72C /* ViewController.swift */,
				79F0F0A92C6AC07C004EF72C /* Main.storyboard */,
				79F0F0AC2C6AC07E004EF72C /* Assets.xcassets */,
				79F0F0AE2C6AC07E004EF72C /* LaunchScreen.storyboard */,
				79F0F0B12C6AC07E004EF72C /* Info.plist */,
			);
			path = "tip-calculator";
			sourceTree = "<group>";
		};
		79F0F0B92C6AC07E004EF72C /* tip-calculatorTests */ = {
			isa = PBXGroup;
			children = (
				79F0F0BA2C6AC07E004EF72C /* tip_calculatorTests.swift */,
			);
			path = "tip-calculatorTests";
			sourceTree = "<group>";
		};
		79F0F0C32C6AC07E004EF72C /* tip-calculatorUITests */ = {
			isa = PBXGroup;
			children = (
				79F0F0C42C6AC07E004EF72C /* tip_calculatorUITests.swift */,
				79F0F0C62C6AC07E004EF72C /* tip_calculatorUITestsLaunchTests.swift */,
			);
			path = "tip-calculatorUITests";
			sourceTree = "<group>";
		};
/* End PBXGroup section */

/* Begin PBXNativeTarget section */
		79F0F09F2C6AC07C004EF72C /* tip-calculator */ = {
			isa = PBXNativeTarget;
			buildConfigurationList = 79F0F0CA2C6AC07E004EF72C /* Build configuration list for PBXNativeTarget "tip-calculator" */;
			buildPhases = (
				79F0F09C2C6AC07C004EF72C /* Sources */,
				79F0F09D2C6AC07C004EF72C /* Frameworks */,
				79F0F09E2C6AC07C004EF72C /* Resources */,
			);
			buildRules = (
			);
			dependencies = (
			);
			name = "tip-calculator";
			productName = "tip-calculator";
			productReference = 79F0F0A02C6AC07C004EF72C /* tip-calculator.app */;
			productType = "com.apple.product-type.application";
		};
		79F0F0B52C6AC07E004EF72C /* tip-calculatorTests */ = {
			isa = PBXNativeTarget;
			buildConfigurationList = 79F0F0CD2C6AC07E004EF72C /* Build configuration list for PBXNativeTarget "tip-calculatorTests" */;
			buildPhases = (
				79F0F0B22C6AC07E004EF72C /* Sources */,
				79F0F0B32C6AC07E004EF72C /* Frameworks */,
				79F0F0B42C6AC07E004EF72C /* Resources */,
			);
			buildRules = (
			);
			dependencies = (
				79F0F0B82C6AC07E004EF72C /* PBXTargetDependency */,
			);
			name = "tip-calculatorTests";
			productName = "tip-calculatorTests";
			productReference = 79F0F0B62C6AC07E004EF72C /* tip-calculatorTests.xctest */;
			productType = "com.apple.product-type.bundle.unit-test";
		};
		79F0F0BF2C6AC07E004EF72C /* tip-calculatorUITests */ = {
			isa = PBXNativeTarget;
			buildConfigurationList = 79F0F0D02C6AC07E004EF72C /* Build configuration list for PBXNativeTarget "tip-calculatorUITests" */;
			buildPhases = (
				79F0F0BC2C6AC07E004EF72C /* Sources */,
				79F0F0BD2C6AC07E004EF72C /* Frameworks */,
				79F0F0BE2C6AC07E004EF72C /* Resources */,
			);
			buildRules = (
			);
			dependencies = (
				79F0F0C22C6AC07E004EF72C /* PBXTargetDependency */,
			);
			name = "tip-calculatorUITests";
			productName = "tip-calculatorUITests";
			productReference = 79F0F0C02C6AC07E004EF72C /* tip-calculatorUITests.xctest */;
			productType = "com.apple.product-type.bundle.ui-testing";
		};
/* End PBXNativeTarget section */

/* Begin PBXProject section */
		79F0F0982C6AC07C004EF72C /* Project object */ = {
			isa = PBXProject;
			attributes = {
				BuildIndependentTargetsInParallel = 1;
				LastSwiftUpdateCheck = 1520;
				LastUpgradeCheck = 1520;
				TargetAttributes = {
					79F0F09F2C6AC07C004EF72C = {
						CreatedOnToolsVersion = 15.2;
					};
					79F0F0B52C6AC07E004EF72C = {
						CreatedOnToolsVersion = 15.2;
						TestTargetID = 79F0F09F2C6AC07C004EF72C;
					};
					79F0F0BF2C6AC07E004EF72C = {
						CreatedOnToolsVersion = 15.2;
						TestTargetID = 79F0F09F2C6AC07C004EF72C;
					};
				};
			};
			buildConfigurationList = 79F0F09B2C6AC07C004EF72C /* Build configuration list for PBXProject "tip-calculator" */;
			compatibilityVersion = "Xcode 14.0";
			developmentRegion = en;
			hasScannedForEncodings = 0;
			knownRegions = (
				en,
				Base,
			);
			mainGroup = 79F0F0972C6AC07C004EF72C;
			productRefGroup = 79F0F0A12C6AC07C004EF72C /* Products */;
			projectDirPath = "";
			projectRoot = "";
			targets = (
				79F0F09F2C6AC07C004EF72C /* tip-calculator */,
				79F0F0B52C6AC07E004EF72C /* tip-calculatorTests */,
				79F0F0BF2C6AC07E004EF72C /* tip-calculatorUITests */,
			);
		};
/* End PBXProject section */

/* Begin PBXResourcesBuildPhase section */
		79F0F09E2C6AC07C004EF72C /* Resources */ = {
			isa = PBXResourcesBuildPhase;
			buildActionMask = 2147483647;
			files = (
				79F0F0B02C6AC07E004EF72C /* LaunchScreen.storyboard in Resources */,
				79F0F0AD2C6AC07E004EF72C /* Assets.xcassets in Resources */,
				79F0F0AB2C6AC07C004EF72C /* Main.storyboard in Resources */,
			);
			runOnlyForDeploymentPostprocessing = 0;
		};
		79F0F0B42C6AC07E004EF72C /* Resources */ = {
			isa = PBXResourcesBuildPhase;
			buildActionMask = 2147483647;
			files = (
			);
			runOnlyForDeploymentPostprocessing = 0;
		};
		79F0F0BE2C6AC07E004EF72C /* Resources */ = {
			isa = PBXResourcesBuildPhase;
			buildActionMask = 2147483647;
			files = (
			);
			runOnlyForDeploymentPostprocessing = 0;
		};
/* End PBXResourcesBuildPhase section */

/* Begin PBXSourcesBuildPhase section */
		79F0F09C2C6AC07C004EF72C /* Sources */ = {
			isa = PBXSourcesBuildPhase;
			buildActionMask = 2147483647;
			files = (
				79F0F0A82C6AC07C004EF72C /* ViewController.swift in Sources */,
				79F0F0A42C6AC07C004EF72C /* AppDelegate.swift in Sources */,
				79F0F0A62C6AC07C004EF72C /* SceneDelegate.swift in Sources */,
			);
			runOnlyForDeploymentPostprocessing = 0;
		};
		79F0F0B22C6AC07E004EF72C /* Sources */ = {
			isa = PBXSourcesBuildPhase;
			buildActionMask = 2147483647;
			files = (
				79F0F0BB2C6AC07E004EF72C /* tip_calculatorTests.swift in Sources */,
			);
			runOnlyForDeploymentPostprocessing = 0;
		};
		79F0F0BC2C6AC07E004EF72C /* Sources */ = {
			isa = PBXSourcesBuildPhase;
			buildActionMask = 2147483647;
			files = (
				79F0F0C72C6AC07E004EF72C /* tip_calculatorUITestsLaunchTests.swift in Sources */,
				79F0F0C52C6AC07E004EF72C /* tip_calculatorUITests.swift in Sources */,
			);
			runOnlyForDeploymentPostprocessing = 0;
		};
/* End PBXSourcesBuildPhase section */

/* Begin PBXTargetDependency section */
		79F0F0B82C6AC07E004EF72C /* PBXTargetDependency */ = {
			isa = PBXTargetDependency;
			target = 79F0F09F2C6AC07C004EF72C /* tip-calculator */;
			targetProxy = 79F0F0B72C6AC07E004EF72C /* PBXContainerItemProxy */;
		};
		79F0F0C22C6AC07E004EF72C /* PBXTargetDependency */ = {
			isa = PBXTargetDependency;
			target = 79F0F09F2C6AC07C004EF72C /* tip-calculator */;
			targetProxy = 79F0F0C12C6AC07E004EF72C /* PBXContainerItemProxy */;
		};
/* End PBXTargetDependency section */

/* Begin PBXVariantGroup section */
		79F0F0A92C6AC07C004EF72C /* Main.storyboard */ = {
			isa = PBXVariantGroup;
			children = (
				79F0F0AA2C6AC07C004EF72C /* Base */,
			);
			name = Main.storyboard;
			sourceTree = "<group>";
		};
		79F0F0AE2C6AC07E004EF72C /* LaunchScreen.storyboard */ = {
			isa = PBXVariantGroup;
			children = (
				79F0F0AF2C6AC07E004EF72C /* Base */,
			);
			name = LaunchScreen.storyboard;
			sourceTree = "<group>";
		};
/* End PBXVariantGroup section */

/* Begin XCBuildConfiguration section */
		79F0F0C82C6AC07E004EF72C /* Debug */ = {
			isa = XCBuildConfiguration;
			buildSettings = {
				ALWAYS_SEARCH_USER_PATHS = NO;
				ASSETCATALOG_COMPILER_GENERATE_SWIFT_ASSET_SYMBOL_EXTENSIONS = YES;
				CLANG_ANALYZER_NONNULL = YES;
				CLANG_ANALYZER_NUMBER_OBJECT_CONVERSION = YES_AGGRESSIVE;
				CLANG_CXX_LANGUAGE_STANDARD = "gnu++20";
				CLANG_ENABLE_MODULES = YES;
				CLANG_ENABLE_OBJC_ARC = YES;
				CLANG_ENABLE_OBJC_WEAK = YES;
				CLANG_WARN_BLOCK_CAPTURE_AUTORELEASING = YES;
				CLANG_WARN_BOOL_CONVERSION = YES;
				CLANG_WARN_COMMA = YES;
				CLANG_WARN_CONSTANT_CONVERSION = YES;
				CLANG_WARN_DEPRECATED_OBJC_IMPLEMENTATIONS = YES;
				CLANG_WARN_DIRECT_OBJC_ISA_USAGE = YES_ERROR;
				CLANG_WARN_DOCUMENTATION_COMMENTS = YES;
				CLANG_WARN_EMPTY_BODY = YES;
				CLANG_WARN_ENUM_CONVERSION = YES;
				CLANG_WARN_INFINITE_RECURSION = YES;
				CLANG_WARN_INT_CONVERSION = YES;
				CLANG_WARN_NON_LITERAL_NULL_CONVERSION = YES;
				CLANG_WARN_OBJC_IMPLICIT_RETAIN_SELF = YES;
				CLANG_WARN_OBJC_LITERAL_CONVERSION = YES;
				CLANG_WARN_OBJC_ROOT_CLASS = YES_ERROR;
				CLANG_WARN_QUOTED_INCLUDE_IN_FRAMEWORK_HEADER = YES;
				CLANG_WARN_RANGE_LOOP_ANALYSIS = YES;
				CLANG_WARN_STRICT_PROTOTYPES = YES;
				CLANG_WARN_SUSPICIOUS_MOVE = YES;
				CLANG_WARN_UNGUARDED_AVAILABILITY = YES_AGGRESSIVE;
				CLANG_WARN_UNREACHABLE_CODE = YES;
				CLANG_WARN__DUPLICATE_METHOD_MATCH = YES;
				COPY_PHASE_STRIP = NO;
				DEBUG_INFORMATION_FORMAT = dwarf;
				ENABLE_STRICT_OBJC_MSGSEND = YES;
				ENABLE_TESTABILITY = YES;
				ENABLE_USER_SCRIPT_SANDBOXING = YES;
				GCC_C_LANGUAGE_STANDARD = gnu17;
				GCC_DYNAMIC_NO_PIC = NO;
				GCC_NO_COMMON_BLOCKS = YES;
				GCC_OPTIMIZATION_LEVEL = 0;
				GCC_PREPROCESSOR_DEFINITIONS = (
					"DEBUG=1",
					"$(inherited)",
				);
				GCC_WARN_64_TO_32_BIT_CONVERSION = YES;
				GCC_WARN_ABOUT_RETURN_TYPE = YES_ERROR;
				GCC_WARN_UNDECLARED_SELECTOR = YES;
				GCC_WARN_UNINITIALIZED_AUTOS = YES_AGGRESSIVE;
				GCC_WARN_UNUSED_FUNCTION = YES;
				GCC_WARN_UNUSED_VARIABLE = YES;
				IPHONEOS_DEPLOYMENT_TARGET = 17.2;
				LOCALIZATION_PREFERS_STRING_CATALOGS = YES;
				MTL_ENABLE_DEBUG_INFO = INCLUDE_SOURCE;
				MTL_FAST_MATH = YES;
				ONLY_ACTIVE_ARCH = YES;
				SDKROOT = iphoneos;
				SWIFT_ACTIVE_COMPILATION_CONDITIONS = "DEBUG $(inherited)";
				SWIFT_OPTIMIZATION_LEVEL = "-Onone";
			};
			name = Debug;
		};
		79F0F0C92C6AC07E004EF72C /* Release */ = {
			isa = XCBuildConfiguration;
			buildSettings = {
				ALWAYS_SEARCH_USER_PATHS = NO;
				ASSETCATALOG_COMPILER_GENERATE_SWIFT_ASSET_SYMBOL_EXTENSIONS = YES;
				CLANG_ANALYZER_NONNULL = YES;
				CLANG_ANALYZER_NUMBER_OBJECT_CONVERSION = YES_AGGRESSIVE;
				CLANG_CXX_LANGUAGE_STANDARD = "gnu++20";
				CLANG_ENABLE_MODULES = YES;
				CLANG_ENABLE_OBJC_ARC = YES;
				CLANG_ENABLE_OBJC_WEAK = YES;
				CLANG_WARN_BLOCK_CAPTURE_AUTORELEASING = YES;
				CLANG_WARN_BOOL_CONVERSION = YES;
				CLANG_WARN_COMMA = YES;
				CLANG_WARN_CONSTANT_CONVERSION = YES;
				CLANG_WARN_DEPRECATED_OBJC_IMPLEMENTATIONS = YES;
				CLANG_WARN_DIRECT_OBJC_ISA_USAGE = YES_ERROR;
				CLANG_WARN_DOCUMENTATION_COMMENTS = YES;
				CLANG_WARN_EMPTY_BODY = YES;
				CLANG_WARN_ENUM_CONVERSION = YES;
				CLANG_WARN_INFINITE_RECURSION = YES;
				CLANG_WARN_INT_CONVERSION = YES;
				CLANG_WARN_NON_LITERAL_NULL_CONVERSION = YES;
				CLANG_WARN_OBJC_IMPLICIT_RETAIN_SELF = YES;
				CLANG_WARN_OBJC_LITERAL_CONVERSION = YES;
				CLANG_WARN_OBJC_ROOT_CLASS = YES_ERROR;
				CLANG_WARN_QUOTED_INCLUDE_IN_FRAMEWORK_HEADER = YES;
				CLANG_WARN_RANGE_LOOP_ANALYSIS = YES;
				CLANG_WARN_STRICT_PROTOTYPES = YES;
				CLANG_WARN_SUSPICIOUS_MOVE = YES;
				CLANG_WARN_UNGUARDED_AVAILABILITY = YES_AGGRESSIVE;
				CLANG_WARN_UNREACHABLE_CODE = YES;
				CLANG_WARN__DUPLICATE_METHOD_MATCH = YES;
				COPY_PHASE_STRIP = NO;
				DEBUG_INFORMATION_FORMAT = "dwarf-with-dsym";
				ENABLE_NS_ASSERTIONS = NO;
				ENABLE_STRICT_OBJC_MSGSEND = YES;
				ENABLE_USER_SCRIPT_SANDBOXING = YES;
				GCC_C_LANGUAGE_STANDARD = gnu17;
				GCC_NO_COMMON_BLOCKS = YES;
				GCC_WARN_64_TO_32_BIT_CONVERSION = YES;
				GCC_WARN_ABOUT_RETURN_TYPE = YES_ERROR;
				GCC_WARN_UNDECLARED_SELECTOR = YES;
				GCC_WARN_UNINITIALIZED_AUTOS = YES_AGGRESSIVE;
				GCC_WARN_UNUSED_FUNCTION = YES;
				GCC_WARN_UNUSED_VARIABLE = YES;
				IPHONEOS_DEPLOYMENT_TARGET = 17.2;
				LOCALIZATION_PREFERS_STRING_CATALOGS = YES;
				MTL_ENABLE_DEBUG_INFO = NO;
				MTL_FAST_MATH = YES;
				SDKROOT = iphoneos;
				SWIFT_COMPILATION_MODE = wholemodule;
				VALIDATE_PRODUCT = YES;
			};
			name = Release;
		};
		79F0F0CB2C6AC07E004EF72C /* Debug */ = {
			isa = XCBuildConfiguration;
			buildSettings = {
				ASSETCATALOG_COMPILER_APPICON_NAME = AppIcon;
				ASSETCATALOG_COMPILER_GLOBAL_ACCENT_COLOR_NAME = AccentColor;
				CODE_SIGN_STYLE = Automatic;
				CURRENT_PROJECT_VERSION = 1;
				GENERATE_INFOPLIST_FILE = YES;
				INFOPLIST_FILE = "tip-calculator/Info.plist";
				INFOPLIST_KEY_UIApplicationSupportsIndirectInputEvents = YES;
				INFOPLIST_KEY_UILaunchStoryboardName = LaunchScreen;
				INFOPLIST_KEY_UIMainStoryboardFile = Main;
				INFOPLIST_KEY_UISupportedInterfaceOrientations_iPad = "UIInterfaceOrientationPortrait UIInterfaceOrientationPortraitUpsideDown UIInterfaceOrientationLandscapeLeft UIInterfaceOrientationLandscapeRight";
				INFOPLIST_KEY_UISupportedInterfaceOrientations_iPhone = "UIInterfaceOrientationPortrait UIInterfaceOrientationLandscapeLeft UIInterfaceOrientationLandscapeRight";
				LD_RUNPATH_SEARCH_PATHS = (
					"$(inherited)",
					"@executable_path/Frameworks",
				);
				MARKETING_VERSION = 1.0;
				PRODUCT_BUNDLE_IDENTIFIER = "paes.crescencio.tip-calculator";
				PRODUCT_NAME = "$(TARGET_NAME)";
				SWIFT_EMIT_LOC_STRINGS = YES;
				SWIFT_VERSION = 5.0;
				TARGETED_DEVICE_FAMILY = "1,2";
			};
			name = Debug;
		};
		79F0F0CC2C6AC07E004EF72C /* Release */ = {
			isa = XCBuildConfiguration;
			buildSettings = {
				ASSETCATALOG_COMPILER_APPICON_NAME = AppIcon;
				ASSETCATALOG_COMPILER_GLOBAL_ACCENT_COLOR_NAME = AccentColor;
				CODE_SIGN_STYLE = Automatic;
				CURRENT_PROJECT_VERSION = 1;
				GENERATE_INFOPLIST_FILE = YES;
				INFOPLIST_FILE = "tip-calculator/Info.plist";
				INFOPLIST_KEY_UIApplicationSupportsIndirectInputEvents = YES;
				INFOPLIST_KEY_UILaunchStoryboardName = LaunchScreen;
				INFOPLIST_KEY_UIMainStoryboardFile = Main;
				INFOPLIST_KEY_UISupportedInterfaceOrientations_iPad = "UIInterfaceOrientationPortrait UIInterfaceOrientationPortraitUpsideDown UIInterfaceOrientationLandscapeLeft UIInterfaceOrientationLandscapeRight";
				INFOPLIST_KEY_UISupportedInterfaceOrientations_iPhone = "UIInterfaceOrientationPortrait UIInterfaceOrientationLandscapeLeft UIInterfaceOrientationLandscapeRight";
				LD_RUNPATH_SEARCH_PATHS = (
					"$(inherited)",
					"@executable_path/Frameworks",
				);
				MARKETING_VERSION = 1.0;
				PRODUCT_BUNDLE_IDENTIFIER = "paes.crescencio.tip-calculator";
				PRODUCT_NAME = "$(TARGET_NAME)";
				SWIFT_EMIT_LOC_STRINGS = YES;
				SWIFT_VERSION = 5.0;
				TARGETED_DEVICE_FAMILY = "1,2";
			};
			name = Release;
		};
		79F0F0CE2C6AC07E004EF72C /* Debug */ = {
			isa = XCBuildConfiguration;
			buildSettings = {
				ALWAYS_EMBED_SWIFT_STANDARD_LIBRARIES = YES;
				BUNDLE_LOADER = "$(TEST_HOST)";
				CODE_SIGN_STYLE = Automatic;
				CURRENT_PROJECT_VERSION = 1;
				GENERATE_INFOPLIST_FILE = YES;
				IPHONEOS_DEPLOYMENT_TARGET = 17.2;
				MARKETING_VERSION = 1.0;
				PRODUCT_BUNDLE_IDENTIFIER = "paes.crescencio.tip-calculatorTests";
				PRODUCT_NAME = "$(TARGET_NAME)";
				SWIFT_EMIT_LOC_STRINGS = NO;
				SWIFT_VERSION = 5.0;
				TARGETED_DEVICE_FAMILY = "1,2";
				TEST_HOST = "$(BUILT_PRODUCTS_DIR)/tip-calculator.app/$(BUNDLE_EXECUTABLE_FOLDER_PATH)/tip-calculator";
			};
			name = Debug;
		};
		79F0F0CF2C6AC07E004EF72C /* Release */ = {
			isa = XCBuildConfiguration;
			buildSettings = {
				ALWAYS_EMBED_SWIFT_STANDARD_LIBRARIES = YES;
				BUNDLE_LOADER = "$(TEST_HOST)";
				CODE_SIGN_STYLE = Automatic;
				CURRENT_PROJECT_VERSION = 1;
				GENERATE_INFOPLIST_FILE = YES;
				IPHONEOS_DEPLOYMENT_TARGET = 17.2;
				MARKETING_VERSION = 1.0;
				PRODUCT_BUNDLE_IDENTIFIER = "paes.crescencio.tip-calculatorTests";
				PRODUCT_NAME = "$(TARGET_NAME)";
				SWIFT_EMIT_LOC_STRINGS = NO;
				SWIFT_VERSION = 5.0;
				TARGETED_DEVICE_FAMILY = "1,2";
				TEST_HOST = "$(BUILT_PRODUCTS_DIR)/tip-calculator.app/$(BUNDLE_EXECUTABLE_FOLDER_PATH)/tip-calculator";
			};
			name = Release;
		};
		79F0F0D12C6AC07E004EF72C /* Debug */ = {
			isa = XCBuildConfiguration;
			buildSettings = {
				ALWAYS_EMBED_SWIFT_STANDARD_LIBRARIES = YES;
				CODE_SIGN_STYLE = Automatic;
				CURRENT_PROJECT_VERSION = 1;
				GENERATE_INFOPLIST_FILE = YES;
				MARKETING_VERSION = 1.0;
				PRODUCT_BUNDLE_IDENTIFIER = "paes.crescencio.tip-calculatorUITests";
				PRODUCT_NAME = "$(TARGET_NAME)";
				SWIFT_EMIT_LOC_STRINGS = NO;
				SWIFT_VERSION = 5.0;
				TARGETED_DEVICE_FAMILY = "1,2";
				TEST_TARGET_NAME = "tip-calculator";
			};
			name = Debug;
		};
		79F0F0D22C6AC07E004EF72C /* Release */ = {
			isa = XCBuildConfiguration;
			buildSettings = {
				ALWAYS_EMBED_SWIFT_STANDARD_LIBRARIES = YES;
				CODE_SIGN_STYLE = Automatic;
				CURRENT_PROJECT_VERSION = 1;
				GENERATE_INFOPLIST_FILE = YES;
				MARKETING_VERSION = 1.0;
				PRODUCT_BUNDLE_IDENTIFIER = "paes.crescencio.tip-calculatorUITests";
				PRODUCT_NAME = "$(TARGET_NAME)";
				SWIFT_EMIT_LOC_STRINGS = NO;
				SWIFT_VERSION = 5.0;
				TARGETED_DEVICE_FAMILY = "1,2";
				TEST_TARGET_NAME = "tip-calculator";
			};
			name = Release;
		};
/* End XCBuildConfiguration section */

/* Begin XCConfigurationList section */
		79F0F09B2C6AC07C004EF72C /* Build configuration list for PBXProject "tip-calculator" */ = {
			isa = XCConfigurationList;
			buildConfigurations = (
				79F0F0C82C6AC07E004EF72C /* Debug */,
				79F0F0C92C6AC07E004EF72C /* Release */,
			);
			defaultConfigurationIsVisible = 0;
			defaultConfigurationName = Release;
		};
		79F0F0CA2C6AC07E004EF72C /* Build configuration list for PBXNativeTarget "tip-calculator" */ = {
			isa = XCConfigurationList;
			buildConfigurations = (
				79F0F0CB2C6AC07E004EF72C /* Debug */,
				79F0F0CC2C6AC07E004EF72C /* Release */,
			);
			defaultConfigurationIsVisible = 0;
			defaultConfigurationName = Release;
		};
		79F0F0CD2C6AC07E004EF72C /* Build configuration list for PBXNativeTarget "tip-calculatorTests" */ = {
			isa = XCConfigurationList;
			buildConfigurations = (
				79F0F0CE2C6AC07E004EF72C /* Debug */,
				79F0F0CF2C6AC07E004EF72C /* Release */,
			);
			defaultConfigurationIsVisible = 0;
			defaultConfigurationName = Release;
		};
		79F0F0D02C6AC07E004EF72C /* Build configuration list for PBXNativeTarget "tip-calculatorUITests" */ = {
			isa = XCConfigurationList;
			buildConfigurations = (
				79F0F0D12C6AC07E004EF72C /* Debug */,
				79F0F0D22C6AC07E004EF72C /* Release */,
			);
			defaultConfigurationIsVisible = 0;
			defaultConfigurationName = Release;
		};
/* End XCConfigurationList section */
	};
	rootObject = 79F0F0982C6AC07C004EF72C /* Project object */;
}
